// !$*UTF8*$!
{
	archiveVersion = 1;
	classes = {
	};
	objectVersion = 56;
	objects = {

/* Begin PBXBuildFile section */
		8C187EF22C92D53D001E90C9 /* TimerFeature.swift in Sources */ = {isa = PBXBuildFile; fileRef = 8CC469582C92BDAF00D3884E /* TimerFeature.swift */; };
		8C187EF42C92D82D001E90C9 /* NetworkSampleFeature.swift in Sources */ = {isa = PBXBuildFile; fileRef = 8C187EF32C92D82D001E90C9 /* NetworkSampleFeature.swift */; };
		8C187EF62C92E634001E90C9 /* NetworkSampleView.swift in Sources */ = {isa = PBXBuildFile; fileRef = 8C187EF52C92E634001E90C9 /* NetworkSampleView.swift */; };
		8C187EF72C92E7E7001E90C9 /* NetworkSampleFeature.swift in Sources */ = {isa = PBXBuildFile; fileRef = 8C187EF32C92D82D001E90C9 /* NetworkSampleFeature.swift */; };
		8C2EB75F2C913897005E8207 /* OneV_tutorialApp.swift in Sources */ = {isa = PBXBuildFile; fileRef = 8C2EB75E2C913897005E8207 /* OneV_tutorialApp.swift */; };
		8C2EB7612C913897005E8207 /* ContentView.swift in Sources */ = {isa = PBXBuildFile; fileRef = 8C2EB7602C913897005E8207 /* ContentView.swift */; };
		8C2EB7632C913898005E8207 /* Assets.xcassets in Resources */ = {isa = PBXBuildFile; fileRef = 8C2EB7622C913898005E8207 /* Assets.xcassets */; };
		8C2EB7662C913898005E8207 /* Preview Assets.xcassets in Resources */ = {isa = PBXBuildFile; fileRef = 8C2EB7652C913898005E8207 /* Preview Assets.xcassets */; };
		8C2EB7702C913898005E8207 /* OneV_tutorialTests.swift in Sources */ = {isa = PBXBuildFile; fileRef = 8C2EB76F2C913898005E8207 /* OneV_tutorialTests.swift */; };
		8C2EB77A2C913898005E8207 /* OneV_tutorialUITests.swift in Sources */ = {isa = PBXBuildFile; fileRef = 8C2EB7792C913898005E8207 /* OneV_tutorialUITests.swift */; };
		8C2EB77C2C913898005E8207 /* OneV_tutorialUITestsLaunchTests.swift in Sources */ = {isa = PBXBuildFile; fileRef = 8C2EB77B2C913898005E8207 /* OneV_tutorialUITestsLaunchTests.swift */; };
		8C2EB7C02C913A0A005E8207 /* ComposableArchitecture in Frameworks */ = {isa = PBXBuildFile; productRef = 8C2EB7BF2C913A0A005E8207 /* ComposableArchitecture */; };
		8C2EB7C72C913BFD005E8207 /* CounterFeature.swift in Sources */ = {isa = PBXBuildFile; fileRef = 8C2EB7C62C913BFD005E8207 /* CounterFeature.swift */; };
		8C2EB7C92C913C58005E8207 /* CounterView.swift in Sources */ = {isa = PBXBuildFile; fileRef = 8C2EB7C82C913C58005E8207 /* CounterView.swift */; };
		8C2EB7CA2C914080005E8207 /* CounterFeature.swift in Sources */ = {isa = PBXBuildFile; fileRef = 8C2EB7C62C913BFD005E8207 /* CounterFeature.swift */; };
		8C6D95262C93CD0B00976D7B /* GameFeature.swift in Sources */ = {isa = PBXBuildFile; fileRef = 8C6D95252C93CD0B00976D7B /* GameFeature.swift */; };
		8CC469592C92BDAF00D3884E /* TimerFeature.swift in Sources */ = {isa = PBXBuildFile; fileRef = 8CC469582C92BDAF00D3884E /* TimerFeature.swift */; };
		8CC4695B2C92C62900D3884E /* TimerView.swift in Sources */ = {isa = PBXBuildFile; fileRef = 8CC4695A2C92C62900D3884E /* TimerView.swift */; };
/* End PBXBuildFile section */

/* Begin PBXContainerItemProxy section */
		8C2EB76C2C913898005E8207 /* PBXContainerItemProxy */ = {
			isa = PBXContainerItemProxy;
			containerPortal = 8C2EB7532C913897005E8207 /* Project object */;
			proxyType = 1;
			remoteGlobalIDString = 8C2EB75A2C913897005E8207;
			remoteInfo = "OneV tutorial";
		};
		8C2EB7762C913898005E8207 /* PBXContainerItemProxy */ = {
			isa = PBXContainerItemProxy;
			containerPortal = 8C2EB7532C913897005E8207 /* Project object */;
			proxyType = 1;
			remoteGlobalIDString = 8C2EB75A2C913897005E8207;
			remoteInfo = "OneV tutorial";
		};
/* End PBXContainerItemProxy section */

/* Begin PBXFileReference section */
		8C187EF32C92D82D001E90C9 /* NetworkSampleFeature.swift */ = {isa = PBXFileReference; lastKnownFileType = sourcecode.swift; path = NetworkSampleFeature.swift; sourceTree = "<group>"; };
		8C187EF52C92E634001E90C9 /* NetworkSampleView.swift */ = {isa = PBXFileReference; lastKnownFileType = sourcecode.swift; path = NetworkSampleView.swift; sourceTree = "<group>"; };
		8C2EB75B2C913897005E8207 /* OneV tutorial.app */ = {isa = PBXFileReference; explicitFileType = wrapper.application; includeInIndex = 0; path = "OneV tutorial.app"; sourceTree = BUILT_PRODUCTS_DIR; };
		8C2EB75E2C913897005E8207 /* OneV_tutorialApp.swift */ = {isa = PBXFileReference; lastKnownFileType = sourcecode.swift; path = OneV_tutorialApp.swift; sourceTree = "<group>"; };
		8C2EB7602C913897005E8207 /* ContentView.swift */ = {isa = PBXFileReference; lastKnownFileType = sourcecode.swift; path = ContentView.swift; sourceTree = "<group>"; };
		8C2EB7622C913898005E8207 /* Assets.xcassets */ = {isa = PBXFileReference; lastKnownFileType = folder.assetcatalog; path = Assets.xcassets; sourceTree = "<group>"; };
		8C2EB7652C913898005E8207 /* Preview Assets.xcassets */ = {isa = PBXFileReference; lastKnownFileType = folder.assetcatalog; path = "Preview Assets.xcassets"; sourceTree = "<group>"; };
		8C2EB76B2C913898005E8207 /* OneV tutorialTests.xctest */ = {isa = PBXFileReference; explicitFileType = wrapper.cfbundle; includeInIndex = 0; path = "OneV tutorialTests.xctest"; sourceTree = BUILT_PRODUCTS_DIR; };
		8C2EB76F2C913898005E8207 /* OneV_tutorialTests.swift */ = {isa = PBXFileReference; lastKnownFileType = sourcecode.swift; path = OneV_tutorialTests.swift; sourceTree = "<group>"; };
		8C2EB7752C913898005E8207 /* OneV tutorialUITests.xctest */ = {isa = PBXFileReference; explicitFileType = wrapper.cfbundle; includeInIndex = 0; path = "OneV tutorialUITests.xctest"; sourceTree = BUILT_PRODUCTS_DIR; };
		8C2EB7792C913898005E8207 /* OneV_tutorialUITests.swift */ = {isa = PBXFileReference; lastKnownFileType = sourcecode.swift; path = OneV_tutorialUITests.swift; sourceTree = "<group>"; };
		8C2EB77B2C913898005E8207 /* OneV_tutorialUITestsLaunchTests.swift */ = {isa = PBXFileReference; lastKnownFileType = sourcecode.swift; path = OneV_tutorialUITestsLaunchTests.swift; sourceTree = "<group>"; };
		8C2EB7C62C913BFD005E8207 /* CounterFeature.swift */ = {isa = PBXFileReference; lastKnownFileType = sourcecode.swift; path = CounterFeature.swift; sourceTree = "<group>"; };
		8C2EB7C82C913C58005E8207 /* CounterView.swift */ = {isa = PBXFileReference; lastKnownFileType = sourcecode.swift; path = CounterView.swift; sourceTree = "<group>"; };
		8C6D95252C93CD0B00976D7B /* GameFeature.swift */ = {isa = PBXFileReference; lastKnownFileType = sourcecode.swift; path = GameFeature.swift; sourceTree = "<group>"; };
		8CC469582C92BDAF00D3884E /* TimerFeature.swift */ = {isa = PBXFileReference; lastKnownFileType = sourcecode.swift; path = TimerFeature.swift; sourceTree = "<group>"; };
		8CC4695A2C92C62900D3884E /* TimerView.swift */ = {isa = PBXFileReference; lastKnownFileType = sourcecode.swift; path = TimerView.swift; sourceTree = "<group>"; };
/* End PBXFileReference section */

/* Begin PBXFrameworksBuildPhase section */
		8C2EB7582C913897005E8207 /* Frameworks */ = {
			isa = PBXFrameworksBuildPhase;
			buildActionMask = 2147483647;
			files = (
				8C2EB7C02C913A0A005E8207 /* ComposableArchitecture in Frameworks */,
			);
			runOnlyForDeploymentPostprocessing = 0;
		};
		8C2EB7682C913898005E8207 /* Frameworks */ = {
			isa = PBXFrameworksBuildPhase;
			buildActionMask = 2147483647;
			files = (
			);
			runOnlyForDeploymentPostprocessing = 0;
		};
		8C2EB7722C913898005E8207 /* Frameworks */ = {
			isa = PBXFrameworksBuildPhase;
			buildActionMask = 2147483647;
			files = (
			);
			runOnlyForDeploymentPostprocessing = 0;
		};
/* End PBXFrameworksBuildPhase section */

/* Begin PBXGroup section */
		8C2EB7522C913897005E8207 = {
			isa = PBXGroup;
			children = (
				8C2EB75D2C913897005E8207 /* OneV tutorial */,
				8C2EB76E2C913898005E8207 /* OneV tutorialTests */,
				8C2EB7782C913898005E8207 /* OneV tutorialUITests */,
				8C2EB75C2C913897005E8207 /* Products */,
			);
			sourceTree = "<group>";
		};
		8C2EB75C2C913897005E8207 /* Products */ = {
			isa = PBXGroup;
			children = (
				8C2EB75B2C913897005E8207 /* OneV tutorial.app */,
				8C2EB76B2C913898005E8207 /* OneV tutorialTests.xctest */,
				8C2EB7752C913898005E8207 /* OneV tutorialUITests.xctest */,
			);
			name = Products;
			sourceTree = "<group>";
		};
		8C2EB75D2C913897005E8207 /* OneV tutorial */ = {
			isa = PBXGroup;
			children = (
				8C2EB7C22C913A2D005E8207 /* View */,
				8C2EB7C12C913A27005E8207 /* Feature */,
				8C2EB75E2C913897005E8207 /* OneV_tutorialApp.swift */,
				8C2EB7602C913897005E8207 /* ContentView.swift */,
				8C2EB7622C913898005E8207 /* Assets.xcassets */,
				8C2EB7642C913898005E8207 /* Preview Content */,
			);
			path = "OneV tutorial";
			sourceTree = "<group>";
		};
		8C2EB7642C913898005E8207 /* Preview Content */ = {
			isa = PBXGroup;
			children = (
				8C2EB7652C913898005E8207 /* Preview Assets.xcassets */,
			);
			path = "Preview Content";
			sourceTree = "<group>";
		};
		8C2EB76E2C913898005E8207 /* OneV tutorialTests */ = {
			isa = PBXGroup;
			children = (
				8C2EB76F2C913898005E8207 /* OneV_tutorialTests.swift */,
			);
			path = "OneV tutorialTests";
			sourceTree = "<group>";
		};
		8C2EB7782C913898005E8207 /* OneV tutorialUITests */ = {
			isa = PBXGroup;
			children = (
				8C2EB7792C913898005E8207 /* OneV_tutorialUITests.swift */,
				8C2EB77B2C913898005E8207 /* OneV_tutorialUITestsLaunchTests.swift */,
			);
			path = "OneV tutorialUITests";
			sourceTree = "<group>";
		};
		8C2EB7C12C913A27005E8207 /* Feature */ = {
			isa = PBXGroup;
			children = (
				8C2EB7C62C913BFD005E8207 /* CounterFeature.swift */,
				8CC469582C92BDAF00D3884E /* TimerFeature.swift */,
				8C187EF32C92D82D001E90C9 /* NetworkSampleFeature.swift */,
				8C6D95252C93CD0B00976D7B /* GameFeature.swift */,
			);
			path = Feature;
			sourceTree = "<group>";
		};
		8C2EB7C22C913A2D005E8207 /* View */ = {
			isa = PBXGroup;
			children = (
				8C2EB7C82C913C58005E8207 /* CounterView.swift */,
				8CC4695A2C92C62900D3884E /* TimerView.swift */,
				8C187EF52C92E634001E90C9 /* NetworkSampleView.swift */,
			);
			path = View;
			sourceTree = "<group>";
		};
/* End PBXGroup section */

/* Begin PBXNativeTarget section */
		8C2EB75A2C913897005E8207 /* OneV tutorial */ = {
			isa = PBXNativeTarget;
			buildConfigurationList = 8C2EB77F2C913898005E8207 /* Build configuration list for PBXNativeTarget "OneV tutorial" */;
			buildPhases = (
				8C2EB7572C913897005E8207 /* Sources */,
				8C2EB7582C913897005E8207 /* Frameworks */,
				8C2EB7592C913897005E8207 /* Resources */,
			);
			buildRules = (
			);
			dependencies = (
			);
			name = "OneV tutorial";
			packageProductDependencies = (
				8C2EB7BF2C913A0A005E8207 /* ComposableArchitecture */,
			);
			productName = "OneV tutorial";
			productReference = 8C2EB75B2C913897005E8207 /* OneV tutorial.app */;
			productType = "com.apple.product-type.application";
		};
		8C2EB76A2C913898005E8207 /* OneV tutorialTests */ = {
			isa = PBXNativeTarget;
			buildConfigurationList = 8C2EB7822C913898005E8207 /* Build configuration list for PBXNativeTarget "OneV tutorialTests" */;
			buildPhases = (
				8C2EB7672C913898005E8207 /* Sources */,
				8C2EB7682C913898005E8207 /* Frameworks */,
				8C2EB7692C913898005E8207 /* Resources */,
			);
			buildRules = (
			);
			dependencies = (
				8C2EB76D2C913898005E8207 /* PBXTargetDependency */,
			);
			name = "OneV tutorialTests";
			productName = "OneV tutorialTests";
			productReference = 8C2EB76B2C913898005E8207 /* OneV tutorialTests.xctest */;
			productType = "com.apple.product-type.bundle.unit-test";
		};
		8C2EB7742C913898005E8207 /* OneV tutorialUITests */ = {
			isa = PBXNativeTarget;
			buildConfigurationList = 8C2EB7852C913898005E8207 /* Build configuration list for PBXNativeTarget "OneV tutorialUITests" */;
			buildPhases = (
				8C2EB7712C913898005E8207 /* Sources */,
				8C2EB7722C913898005E8207 /* Frameworks */,
				8C2EB7732C913898005E8207 /* Resources */,
			);
			buildRules = (
			);
			dependencies = (
				8C2EB7772C913898005E8207 /* PBXTargetDependency */,
			);
			name = "OneV tutorialUITests";
			productName = "OneV tutorialUITests";
			productReference = 8C2EB7752C913898005E8207 /* OneV tutorialUITests.xctest */;
			productType = "com.apple.product-type.bundle.ui-testing";
		};
/* End PBXNativeTarget section */

/* Begin PBXProject section */
		8C2EB7532C913897005E8207 /* Project object */ = {
			isa = PBXProject;
			attributes = {
				BuildIndependentTargetsInParallel = 1;
				LastSwiftUpdateCheck = 1540;
				LastUpgradeCheck = 1540;
				TargetAttributes = {
					8C2EB75A2C913897005E8207 = {
						CreatedOnToolsVersion = 15.4;
					};
					8C2EB76A2C913898005E8207 = {
						CreatedOnToolsVersion = 15.4;
						TestTargetID = 8C2EB75A2C913897005E8207;
					};
					8C2EB7742C913898005E8207 = {
						CreatedOnToolsVersion = 15.4;
						TestTargetID = 8C2EB75A2C913897005E8207;
					};
				};
			};
			buildConfigurationList = 8C2EB7562C913897005E8207 /* Build configuration list for PBXProject "OneV tutorial" */;
			compatibilityVersion = "Xcode 14.0";
			developmentRegion = en;
			hasScannedForEncodings = 0;
			knownRegions = (
				en,
				Base,
			);
			mainGroup = 8C2EB7522C913897005E8207;
			packageReferences = (
				8C2EB7BE2C913A0A005E8207 /* XCRemoteSwiftPackageReference "swift-composable-architecture" */,
			);
			productRefGroup = 8C2EB75C2C913897005E8207 /* Products */;
			projectDirPath = "";
			projectRoot = "";
			targets = (
				8C2EB75A2C913897005E8207 /* OneV tutorial */,
				8C2EB76A2C913898005E8207 /* OneV tutorialTests */,
				8C2EB7742C913898005E8207 /* OneV tutorialUITests */,
			);
		};
/* End PBXProject section */

/* Begin PBXResourcesBuildPhase section */
		8C2EB7592C913897005E8207 /* Resources */ = {
			isa = PBXResourcesBuildPhase;
			buildActionMask = 2147483647;
			files = (
				8C2EB7662C913898005E8207 /* Preview Assets.xcassets in Resources */,
				8C2EB7632C913898005E8207 /* Assets.xcassets in Resources */,
			);
			runOnlyForDeploymentPostprocessing = 0;
		};
		8C2EB7692C913898005E8207 /* Resources */ = {
			isa = PBXResourcesBuildPhase;
			buildActionMask = 2147483647;
			files = (
			);
			runOnlyForDeploymentPostprocessing = 0;
		};
		8C2EB7732C913898005E8207 /* Resources */ = {
			isa = PBXResourcesBuildPhase;
			buildActionMask = 2147483647;
			files = (
			);
			runOnlyForDeploymentPostprocessing = 0;
		};
/* End PBXResourcesBuildPhase section */

/* Begin PBXSourcesBuildPhase section */
		8C2EB7572C913897005E8207 /* Sources */ = {
			isa = PBXSourcesBuildPhase;
			buildActionMask = 2147483647;
			files = (
				8C6D95262C93CD0B00976D7B /* GameFeature.swift in Sources */,
				8CC4695B2C92C62900D3884E /* TimerView.swift in Sources */,
				8C187EF62C92E634001E90C9 /* NetworkSampleView.swift in Sources */,
				8C2EB7C72C913BFD005E8207 /* CounterFeature.swift in Sources */,
				8C187EF42C92D82D001E90C9 /* NetworkSampleFeature.swift in Sources */,
				8C2EB7612C913897005E8207 /* ContentView.swift in Sources */,
				8C2EB75F2C913897005E8207 /* OneV_tutorialApp.swift in Sources */,
				8CC469592C92BDAF00D3884E /* TimerFeature.swift in Sources */,
				8C2EB7C92C913C58005E8207 /* CounterView.swift in Sources */,
			);
			runOnlyForDeploymentPostprocessing = 0;
		};
		8C2EB7672C913898005E8207 /* Sources */ = {
			isa = PBXSourcesBuildPhase;
			buildActionMask = 2147483647;
			files = (
				8C187EF22C92D53D001E90C9 /* TimerFeature.swift in Sources */,
				8C187EF72C92E7E7001E90C9 /* NetworkSampleFeature.swift in Sources */,
				8C2EB7702C913898005E8207 /* OneV_tutorialTests.swift in Sources */,
				8C2EB7CA2C914080005E8207 /* CounterFeature.swift in Sources */,
			);
			runOnlyForDeploymentPostprocessing = 0;
		};
		8C2EB7712C913898005E8207 /* Sources */ = {
			isa = PBXSourcesBuildPhase;
			buildActionMask = 2147483647;
			files = (
				8C2EB77C2C913898005E8207 /* OneV_tutorialUITestsLaunchTests.swift in Sources */,
				8C2EB77A2C913898005E8207 /* OneV_tutorialUITests.swift in Sources */,
			);
			runOnlyForDeploymentPostprocessing = 0;
		};
/* End PBXSourcesBuildPhase section */

/* Begin PBXTargetDependency section */
		8C2EB76D2C913898005E8207 /* PBXTargetDependency */ = {
			isa = PBXTargetDependency;
			target = 8C2EB75A2C913897005E8207 /* OneV tutorial */;
			targetProxy = 8C2EB76C2C913898005E8207 /* PBXContainerItemProxy */;
		};
		8C2EB7772C913898005E8207 /* PBXTargetDependency */ = {
			isa = PBXTargetDependency;
			target = 8C2EB75A2C913897005E8207 /* OneV tutorial */;
			targetProxy = 8C2EB7762C913898005E8207 /* PBXContainerItemProxy */;
		};
/* End PBXTargetDependency section */

/* Begin XCBuildConfiguration section */
		8C2EB77D2C913898005E8207 /* Debug */ = {
			isa = XCBuildConfiguration;
			buildSettings = {
				ALWAYS_SEARCH_USER_PATHS = NO;
				ASSETCATALOG_COMPILER_GENERATE_SWIFT_ASSET_SYMBOL_EXTENSIONS = YES;
				CLANG_ANALYZER_NONNULL = YES;
				CLANG_ANALYZER_NUMBER_OBJECT_CONVERSION = YES_AGGRESSIVE;
				CLANG_CXX_LANGUAGE_STANDARD = "gnu++20";
				CLANG_ENABLE_MODULES = YES;
				CLANG_ENABLE_OBJC_ARC = YES;
				CLANG_ENABLE_OBJC_WEAK = YES;
				CLANG_WARN_BLOCK_CAPTURE_AUTORELEASING = YES;
				CLANG_WARN_BOOL_CONVERSION = YES;
				CLANG_WARN_COMMA = YES;
				CLANG_WARN_CONSTANT_CONVERSION = YES;
				CLANG_WARN_DEPRECATED_OBJC_IMPLEMENTATIONS = YES;
				CLANG_WARN_DIRECT_OBJC_ISA_USAGE = YES_ERROR;
				CLANG_WARN_DOCUMENTATION_COMMENTS = YES;
				CLANG_WARN_EMPTY_BODY = YES;
				CLANG_WARN_ENUM_CONVERSION = YES;
				CLANG_WARN_INFINITE_RECURSION = YES;
				CLANG_WARN_INT_CONVERSION = YES;
				CLANG_WARN_NON_LITERAL_NULL_CONVERSION = YES;
				CLANG_WARN_OBJC_IMPLICIT_RETAIN_SELF = YES;
				CLANG_WARN_OBJC_LITERAL_CONVERSION = YES;
				CLANG_WARN_OBJC_ROOT_CLASS = YES_ERROR;
				CLANG_WARN_QUOTED_INCLUDE_IN_FRAMEWORK_HEADER = YES;
				CLANG_WARN_RANGE_LOOP_ANALYSIS = YES;
				CLANG_WARN_STRICT_PROTOTYPES = YES;
				CLANG_WARN_SUSPICIOUS_MOVE = YES;
				CLANG_WARN_UNGUARDED_AVAILABILITY = YES_AGGRESSIVE;
				CLANG_WARN_UNREACHABLE_CODE = YES;
				CLANG_WARN__DUPLICATE_METHOD_MATCH = YES;
				COPY_PHASE_STRIP = NO;
				DEBUG_INFORMATION_FORMAT = dwarf;
				ENABLE_STRICT_OBJC_MSGSEND = YES;
				ENABLE_TESTABILITY = YES;
				ENABLE_USER_SCRIPT_SANDBOXING = YES;
				GCC_C_LANGUAGE_STANDARD = gnu17;
				GCC_DYNAMIC_NO_PIC = NO;
				GCC_NO_COMMON_BLOCKS = YES;
				GCC_OPTIMIZATION_LEVEL = 0;
				GCC_PREPROCESSOR_DEFINITIONS = (
					"DEBUG=1",
					"$(inherited)",
				);
				GCC_WARN_64_TO_32_BIT_CONVERSION = YES;
				GCC_WARN_ABOUT_RETURN_TYPE = YES_ERROR;
				GCC_WARN_UNDECLARED_SELECTOR = YES;
				GCC_WARN_UNINITIALIZED_AUTOS = YES_AGGRESSIVE;
				GCC_WARN_UNUSED_FUNCTION = YES;
				GCC_WARN_UNUSED_VARIABLE = YES;
				IPHONEOS_DEPLOYMENT_TARGET = 17.5;
				LOCALIZATION_PREFERS_STRING_CATALOGS = YES;
				MTL_ENABLE_DEBUG_INFO = INCLUDE_SOURCE;
				MTL_FAST_MATH = YES;
				ONLY_ACTIVE_ARCH = YES;
				SDKROOT = iphoneos;
				SWIFT_ACTIVE_COMPILATION_CONDITIONS = "DEBUG $(inherited)";
				SWIFT_OPTIMIZATION_LEVEL = "-Onone";
			};
			name = Debug;
		};
		8C2EB77E2C913898005E8207 /* Release */ = {
			isa = XCBuildConfiguration;
			buildSettings = {
				ALWAYS_SEARCH_USER_PATHS = NO;
				ASSETCATALOG_COMPILER_GENERATE_SWIFT_ASSET_SYMBOL_EXTENSIONS = YES;
				CLANG_ANALYZER_NONNULL = YES;
				CLANG_ANALYZER_NUMBER_OBJECT_CONVERSION = YES_AGGRESSIVE;
				CLANG_CXX_LANGUAGE_STANDARD = "gnu++20";
				CLANG_ENABLE_MODULES = YES;
				CLANG_ENABLE_OBJC_ARC = YES;
				CLANG_ENABLE_OBJC_WEAK = YES;
				CLANG_WARN_BLOCK_CAPTURE_AUTORELEASING = YES;
				CLANG_WARN_BOOL_CONVERSION = YES;
				CLANG_WARN_COMMA = YES;
				CLANG_WARN_CONSTANT_CONVERSION = YES;
				CLANG_WARN_DEPRECATED_OBJC_IMPLEMENTATIONS = YES;
				CLANG_WARN_DIRECT_OBJC_ISA_USAGE = YES_ERROR;
				CLANG_WARN_DOCUMENTATION_COMMENTS = YES;
				CLANG_WARN_EMPTY_BODY = YES;
				CLANG_WARN_ENUM_CONVERSION = YES;
				CLANG_WARN_INFINITE_RECURSION = YES;
				CLANG_WARN_INT_CONVERSION = YES;
				CLANG_WARN_NON_LITERAL_NULL_CONVERSION = YES;
				CLANG_WARN_OBJC_IMPLICIT_RETAIN_SELF = YES;
				CLANG_WARN_OBJC_LITERAL_CONVERSION = YES;
				CLANG_WARN_OBJC_ROOT_CLASS = YES_ERROR;
				CLANG_WARN_QUOTED_INCLUDE_IN_FRAMEWORK_HEADER = YES;
				CLANG_WARN_RANGE_LOOP_ANALYSIS = YES;
				CLANG_WARN_STRICT_PROTOTYPES = YES;
				CLANG_WARN_SUSPICIOUS_MOVE = YES;
				CLANG_WARN_UNGUARDED_AVAILABILITY = YES_AGGRESSIVE;
				CLANG_WARN_UNREACHABLE_CODE = YES;
				CLANG_WARN__DUPLICATE_METHOD_MATCH = YES;
				COPY_PHASE_STRIP = NO;
				DEBUG_INFORMATION_FORMAT = "dwarf-with-dsym";
				ENABLE_NS_ASSERTIONS = NO;
				ENABLE_STRICT_OBJC_MSGSEND = YES;
				ENABLE_USER_SCRIPT_SANDBOXING = YES;
				GCC_C_LANGUAGE_STANDARD = gnu17;
				GCC_NO_COMMON_BLOCKS = YES;
				GCC_WARN_64_TO_32_BIT_CONVERSION = YES;
				GCC_WARN_ABOUT_RETURN_TYPE = YES_ERROR;
				GCC_WARN_UNDECLARED_SELECTOR = YES;
				GCC_WARN_UNINITIALIZED_AUTOS = YES_AGGRESSIVE;
				GCC_WARN_UNUSED_FUNCTION = YES;
				GCC_WARN_UNUSED_VARIABLE = YES;
				IPHONEOS_DEPLOYMENT_TARGET = 17.5;
				LOCALIZATION_PREFERS_STRING_CATALOGS = YES;
				MTL_ENABLE_DEBUG_INFO = NO;
				MTL_FAST_MATH = YES;
				SDKROOT = iphoneos;
				SWIFT_COMPILATION_MODE = wholemodule;
				VALIDATE_PRODUCT = YES;
			};
			name = Release;
		};
		8C2EB7802C913898005E8207 /* Debug */ = {
			isa = XCBuildConfiguration;
			buildSettings = {
				ASSETCATALOG_COMPILER_APPICON_NAME = AppIcon;
				ASSETCATALOG_COMPILER_GLOBAL_ACCENT_COLOR_NAME = AccentColor;
				CODE_SIGN_STYLE = Automatic;
				CURRENT_PROJECT_VERSION = 1;
				DEVELOPMENT_ASSET_PATHS = "\"OneV tutorial/Preview Content\"";
				DEVELOPMENT_TEAM = N2V9J3UTZQ;
				ENABLE_PREVIEWS = YES;
				GENERATE_INFOPLIST_FILE = YES;
				INFOPLIST_KEY_UIApplicationSceneManifest_Generation = YES;
				INFOPLIST_KEY_UIApplicationSupportsIndirectInputEvents = YES;
				INFOPLIST_KEY_UILaunchScreen_Generation = YES;
				INFOPLIST_KEY_UISupportedInterfaceOrientations_iPad = "UIInterfaceOrientationPortrait UIInterfaceOrientationPortraitUpsideDown UIInterfaceOrientationLandscapeLeft UIInterfaceOrientationLandscapeRight";
				INFOPLIST_KEY_UISupportedInterfaceOrientations_iPhone = "UIInterfaceOrientationPortrait UIInterfaceOrientationLandscapeLeft UIInterfaceOrientationLandscapeRight";
				LD_RUNPATH_SEARCH_PATHS = (
					"$(inherited)",
					"@executable_path/Frameworks",
				);
				MARKETING_VERSION = 1.0;
				PRODUCT_BUNDLE_IDENTIFIER = "com.test.demo.OneV-tutorial";
				PRODUCT_NAME = "$(TARGET_NAME)";
				SWIFT_EMIT_LOC_STRINGS = YES;
				SWIFT_VERSION = 5.0;
				TARGETED_DEVICE_FAMILY = "1,2";
			};
			name = Debug;
		};
		8C2EB7812C913898005E8207 /* Release */ = {
			isa = XCBuildConfiguration;
			buildSettings = {
				ASSETCATALOG_COMPILER_APPICON_NAME = AppIcon;
				ASSETCATALOG_COMPILER_GLOBAL_ACCENT_COLOR_NAME = AccentColor;
				CODE_SIGN_STYLE = Automatic;
				CURRENT_PROJECT_VERSION = 1;
				DEVELOPMENT_ASSET_PATHS = "\"OneV tutorial/Preview Content\"";
				DEVELOPMENT_TEAM = N2V9J3UTZQ;
				ENABLE_PREVIEWS = YES;
				GENERATE_INFOPLIST_FILE = YES;
				INFOPLIST_KEY_UIApplicationSceneManifest_Generation = YES;
				INFOPLIST_KEY_UIApplicationSupportsIndirectInputEvents = YES;
				INFOPLIST_KEY_UILaunchScreen_Generation = YES;
				INFOPLIST_KEY_UISupportedInterfaceOrientations_iPad = "UIInterfaceOrientationPortrait UIInterfaceOrientationPortraitUpsideDown UIInterfaceOrientationLandscapeLeft UIInterfaceOrientationLandscapeRight";
				INFOPLIST_KEY_UISupportedInterfaceOrientations_iPhone = "UIInterfaceOrientationPortrait UIInterfaceOrientationLandscapeLeft UIInterfaceOrientationLandscapeRight";
				LD_RUNPATH_SEARCH_PATHS = (
					"$(inherited)",
					"@executable_path/Frameworks",
				);
				MARKETING_VERSION = 1.0;
				PRODUCT_BUNDLE_IDENTIFIER = "com.test.demo.OneV-tutorial";
				PRODUCT_NAME = "$(TARGET_NAME)";
				SWIFT_EMIT_LOC_STRINGS = YES;
				SWIFT_VERSION = 5.0;
				TARGETED_DEVICE_FAMILY = "1,2";
			};
			name = Release;
		};
		8C2EB7832C913898005E8207 /* Debug */ = {
			isa = XCBuildConfiguration;
			buildSettings = {
				ALWAYS_EMBED_SWIFT_STANDARD_LIBRARIES = YES;
				BUNDLE_LOADER = "$(TEST_HOST)";
				CODE_SIGN_STYLE = Automatic;
				CURRENT_PROJECT_VERSION = 1;
				DEVELOPMENT_TEAM = N2V9J3UTZQ;
				GENERATE_INFOPLIST_FILE = YES;
				IPHONEOS_DEPLOYMENT_TARGET = 17.5;
				MARKETING_VERSION = 1.0;
				PRODUCT_BUNDLE_IDENTIFIER = "com.test.demo.OneV-tutorialTests";
				PRODUCT_NAME = "$(TARGET_NAME)";
				SWIFT_EMIT_LOC_STRINGS = NO;
				SWIFT_VERSION = 5.0;
				TARGETED_DEVICE_FAMILY = "1,2";
				TEST_HOST = "$(BUILT_PRODUCTS_DIR)/OneV tutorial.app/$(BUNDLE_EXECUTABLE_FOLDER_PATH)/OneV tutorial";
			};
			name = Debug;
		};
		8C2EB7842C913898005E8207 /* Release */ = {
			isa = XCBuildConfiguration;
			buildSettings = {
				ALWAYS_EMBED_SWIFT_STANDARD_LIBRARIES = YES;
				BUNDLE_LOADER = "$(TEST_HOST)";
				CODE_SIGN_STYLE = Automatic;
				CURRENT_PROJECT_VERSION = 1;
				DEVELOPMENT_TEAM = N2V9J3UTZQ;
				GENERATE_INFOPLIST_FILE = YES;
				IPHONEOS_DEPLOYMENT_TARGET = 17.5;
				MARKETING_VERSION = 1.0;
				PRODUCT_BUNDLE_IDENTIFIER = "com.test.demo.OneV-tutorialTests";
				PRODUCT_NAME = "$(TARGET_NAME)";
				SWIFT_EMIT_LOC_STRINGS = NO;
				SWIFT_VERSION = 5.0;
				TARGETED_DEVICE_FAMILY = "1,2";
				TEST_HOST = "$(BUILT_PRODUCTS_DIR)/OneV tutorial.app/$(BUNDLE_EXECUTABLE_FOLDER_PATH)/OneV tutorial";
			};
			name = Release;
		};
		8C2EB7862C913898005E8207 /* Debug */ = {
			isa = XCBuildConfiguration;
			buildSettings = {
				ALWAYS_EMBED_SWIFT_STANDARD_LIBRARIES = YES;
				CODE_SIGN_STYLE = Automatic;
				CURRENT_PROJECT_VERSION = 1;
				DEVELOPMENT_TEAM = N2V9J3UTZQ;
				GENERATE_INFOPLIST_FILE = YES;
				MARKETING_VERSION = 1.0;
				PRODUCT_BUNDLE_IDENTIFIER = "com.test.demo.OneV-tutorialUITests";
				PRODUCT_NAME = "$(TARGET_NAME)";
				SWIFT_EMIT_LOC_STRINGS = NO;
				SWIFT_VERSION = 5.0;
				TARGETED_DEVICE_FAMILY = "1,2";
				TEST_TARGET_NAME = "OneV tutorial";
			};
			name = Debug;
		};
		8C2EB7872C913898005E8207 /* Release */ = {
			isa = XCBuildConfiguration;
			buildSettings = {
				ALWAYS_EMBED_SWIFT_STANDARD_LIBRARIES = YES;
				CODE_SIGN_STYLE = Automatic;
				CURRENT_PROJECT_VERSION = 1;
				DEVELOPMENT_TEAM = N2V9J3UTZQ;
				GENERATE_INFOPLIST_FILE = YES;
				MARKETING_VERSION = 1.0;
				PRODUCT_BUNDLE_IDENTIFIER = "com.test.demo.OneV-tutorialUITests";
				PRODUCT_NAME = "$(TARGET_NAME)";
				SWIFT_EMIT_LOC_STRINGS = NO;
				SWIFT_VERSION = 5.0;
				TARGETED_DEVICE_FAMILY = "1,2";
				TEST_TARGET_NAME = "OneV tutorial";
			};
			name = Release;
		};
/* End XCBuildConfiguration section */

/* Begin XCConfigurationList section */
		8C2EB7562C913897005E8207 /* Build configuration list for PBXProject "OneV tutorial" */ = {
			isa = XCConfigurationList;
			buildConfigurations = (
				8C2EB77D2C913898005E8207 /* Debug */,
				8C2EB77E2C913898005E8207 /* Release */,
			);
			defaultConfigurationIsVisible = 0;
			defaultConfigurationName = Release;
		};
		8C2EB77F2C913898005E8207 /* Build configuration list for PBXNativeTarget "OneV tutorial" */ = {
			isa = XCConfigurationList;
			buildConfigurations = (
				8C2EB7802C913898005E8207 /* Debug */,
				8C2EB7812C913898005E8207 /* Release */,
			);
			defaultConfigurationIsVisible = 0;
			defaultConfigurationName = Release;
		};
		8C2EB7822C913898005E8207 /* Build configuration list for PBXNativeTarget "OneV tutorialTests" */ = {
			isa = XCConfigurationList;
			buildConfigurations = (
				8C2EB7832C913898005E8207 /* Debug */,
				8C2EB7842C913898005E8207 /* Release */,
			);
			defaultConfigurationIsVisible = 0;
			defaultConfigurationName = Release;
		};
		8C2EB7852C913898005E8207 /* Build configuration list for PBXNativeTarget "OneV tutorialUITests" */ = {
			isa = XCConfigurationList;
			buildConfigurations = (
				8C2EB7862C913898005E8207 /* Debug */,
				8C2EB7872C913898005E8207 /* Release */,
			);
			defaultConfigurationIsVisible = 0;
			defaultConfigurationName = Release;
		};
/* End XCConfigurationList section */

/* Begin XCRemoteSwiftPackageReference section */
		8C2EB7BE2C913A0A005E8207 /* XCRemoteSwiftPackageReference "swift-composable-architecture" */ = {
			isa = XCRemoteSwiftPackageReference;
			repositoryURL = "https://github.com/pointfreeco/swift-composable-architecture";
			requirement = {
				kind = upToNextMajorVersion;
				minimumVersion = 1.14.0;
			};
		};
/* End XCRemoteSwiftPackageReference section */

/* Begin XCSwiftPackageProductDependency section */
		8C2EB7BF2C913A0A005E8207 /* ComposableArchitecture */ = {
			isa = XCSwiftPackageProductDependency;
			package = 8C2EB7BE2C913A0A005E8207 /* XCRemoteSwiftPackageReference "swift-composable-architecture" */;
			productName = ComposableArchitecture;
		};
/* End XCSwiftPackageProductDependency section */
	};
	rootObject = 8C2EB7532C913897005E8207 /* Project object */;
}
